<?xml version="1.0" encoding="utf-8"?>
<Project ToolsVersion="4.0" xmlns="http://schemas.microsoft.com/developer/msbuild/2003">
  <ItemGroup>
    <Filter Include="ソース ファイル">
      <UniqueIdentifier>{4FC737F1-C7A5-4376-A066-2A32D752A2FF}</UniqueIdentifier>
      <Extensions>cpp;c;cc;cxx;def;odl;idl;hpj;bat;asm;asmx</Extensions>
    </Filter>
    <Filter Include="ヘッダー ファイル">
      <UniqueIdentifier>{93995380-89BD-4b04-88EB-625FBE52EBFB}</UniqueIdentifier>
      <Extensions>h;hh;hpp;hxx;hm;inl;inc;ipp;xsd</Extensions>
    </Filter>
    <Filter Include="リソース ファイル">
      <UniqueIdentifier>{67DA6AB6-F800-4c08-8B7A-83BB121AAD01}</UniqueIdentifier>
      <Extensions>rc;ico;cur;bmp;dlg;rc2;rct;bin;rgs;gif;jpg;jpeg;jpe;resx;tiff;tif;png;wav;mfcribbon-ms</Extensions>
    </Filter>
  </ItemGroup>
  <ItemGroup>
    <ClInclude Include="stdafx.h">
      <Filter>ヘッダー ファイル</Filter>
    </ClInclude>
    <ClInclude Include="targetver.h">
      <Filter>ヘッダー ファイル</Filter>
    </ClInclude>
    <ClInclude Include="src\aes.h">
      <Filter>ヘッダー ファイル</Filter>
    </ClInclude>
    <ClInclude Include="src\aes_via_ace.h">
      <Filter>ヘッダー ファイル</Filter>
    </ClInclude>
    <ClInclude Include="src\aesopt.h">
      <Filter>ヘッダー ファイル</Filter>
    </ClInclude>
    <ClInclude Include="src\aestab.h">
      <Filter>ヘッダー ファイル</Filter>
    </ClInclude>
    <ClInclude Include="src\apiemulator.h">
      <Filter>ヘッダー ファイル</Filter>
    </ClInclude>
    <ClInclude Include="src\brg_endian.h">
      <Filter>ヘッダー ファイル</Filter>
    </ClInclude>
    <ClInclude Include="src\brg_types.h">
      <Filter>ヘッダー ファイル</Filter>
    </ClInclude>
    <ClInclude Include="src\common.h">
      <Filter>ヘッダー ファイル</Filter>
    </ClInclude>
    <ClInclude Include="src\config.h">
      <Filter>ヘッダー ファイル</Filter>
    </ClInclude>
    <ClInclude Include="src\filehash.h">
      <Filter>ヘッダー ファイル</Filter>
    </ClInclude>
    <ClInclude Include="src\helpid.h">
      <Filter>ヘッダー ファイル</Filter>
    </ClInclude>
    <ClInclude Include="src\jreusr.h">
      <Filter>ヘッダー ファイル</Filter>
    </ClInclude>
    <ClInclude Include="src\mbswrapper.h">
      <Filter>ヘッダー ファイル</Filter>
    </ClInclude>
    <ClInclude Include="src\md4.h">
      <Filter>ヘッダー ファイル</Filter>
    </ClInclude>
    <ClInclude Include="src\md5.h">
      <Filter>ヘッダー ファイル</Filter>
    </ClInclude>
    <ClInclude Include="src\mesg-eng.h">
      <Filter>ヘッダー ファイル</Filter>
    </ClInclude>
    <ClInclude Include="src\mesg-jpn.h">
      <Filter>ヘッダー ファイル</Filter>
    </ClInclude>
    <ClInclude Include="src\OleDragDrop.h">
      <Filter>ヘッダー ファイル</Filter>
    </ClInclude>
    <ClInclude Include="src\protectprocess.h">
      <Filter>ヘッダー ファイル</Filter>
    </ClInclude>
    <ClInclude Include="src\punycode.h">
      <Filter>ヘッダー ファイル</Filter>
    </ClInclude>
    <ClInclude Include="src\sample.h">
      <Filter>ヘッダー ファイル</Filter>
    </ClInclude>
    <ClInclude Include="src\sha.h">
      <Filter>ヘッダー ファイル</Filter>
    </ClInclude>
    <ClInclude Include="src\socketwrapper.h">
      <Filter>ヘッダー ファイル</Filter>
    </ClInclude>
    <ClInclude Include="src\updater.h">
      <Filter>ヘッダー ファイル</Filter>
    </ClInclude>
    <ClInclude Include="resource.h">
      <Filter>ヘッダー ファイル</Filter>
    </ClInclude>
    <ClInclude Include="src\resource.h">
      <Filter>ヘッダー ファイル</Filter>
    </ClInclude>
  </ItemGroup>
  <ItemGroup>
    <ClCompile Include="stdafx.cpp">
      <Filter>ソース ファイル</Filter>
    </ClCompile>
    <ClCompile Include="src\aes_modes.c">
      <Filter>ソース ファイル</Filter>
    </ClCompile>
    <ClCompile Include="src\aescrypt.c">
      <Filter>ソース ファイル</Filter>
    </ClCompile>
    <ClCompile Include="src\aeskey.c">
      <Filter>ソース ファイル</Filter>
    </ClCompile>
    <ClCompile Include="src\aestab.c">
      <Filter>ソース ファイル</Filter>
    </ClCompile>
    <ClCompile Include="src\apiemulator.c">
      <Filter>ソース ファイル</Filter>
    </ClCompile>
    <ClCompile Include="src\bookmark.c">
      <Filter>ソース ファイル</Filter>
    </ClCompile>
    <ClCompile Include="src\cache.c">
      <Filter>ソース ファイル</Filter>
    </ClCompile>
    <ClCompile Include="src\clipboard.c">
      <Filter>ソース ファイル</Filter>
    </ClCompile>
    <ClCompile Include="src\codecnv.c">
      <Filter>ソース ファイル</Filter>
    </ClCompile>
    <ClCompile Include="src\connect.c">
      <Filter>ソース ファイル</Filter>
    </ClCompile>
    <ClCompile Include="src\diskfree.c">
      <Filter>ソース ファイル</Filter>
    </ClCompile>
    <ClCompile Include="src\dlgsize.c">
      <Filter>ソース ファイル</Filter>
    </ClCompile>
    <ClCompile Include="src\filelist.c">
      <Filter>ソース ファイル</Filter>
    </ClCompile>
    <ClCompile Include="src\ftpproc.c">
      <Filter>ソース ファイル</Filter>
    </ClCompile>
    <ClCompile Include="src\getput.c">
      <Filter>ソース ファイル</Filter>
    </ClCompile>
    <ClCompile Include="src\history.c">
      <Filter>ソース ファイル</Filter>
    </ClCompile>
    <ClCompile Include="src\hostman.c">
      <Filter>ソース ファイル</Filter>
    </ClCompile>
    <ClCompile Include="src\local.c">
      <Filter>ソース ファイル</Filter>
    </ClCompile>
    <ClCompile Include="src\lvtips.c">
      <Filter>ソース ファイル</Filter>
    </ClCompile>
    <ClCompile Include="src\main.c">
      <Filter>ソース ファイル</Filter>
    </ClCompile>
    <ClCompile Include="src\mbswrapper.c">
      <Filter>ソース ファイル</Filter>
    </ClCompile>
    <ClCompile Include="src\md4.c">
      <Filter>ソース ファイル</Filter>
    </ClCompile>
    <ClCompile Include="src\md5.c">
      <Filter>ソース ファイル</Filter>
    </ClCompile>
    <ClCompile Include="src\misc.c">
      <Filter>ソース ファイル</Filter>
    </ClCompile>
    <ClCompile Include="src\OLDregistry.c">
      <Filter>ソース ファイル</Filter>
    </ClCompile>
    <ClCompile Include="src\OleDragDrop.c">
      <Filter>ソース ファイル</Filter>
    </ClCompile>
    <ClCompile Include="src\option.c">
      <Filter>ソース ファイル</Filter>
    </ClCompile>
    <ClCompile Include="src\protectprocess.c">
      <Filter>ソース ファイル</Filter>
    </ClCompile>
    <ClCompile Include="src\punycode.c">
      <Filter>ソース ファイル</Filter>
    </ClCompile>
    <ClCompile Include="src\ras.c">
      <Filter>ソース ファイル</Filter>
    </ClCompile>
    <ClCompile Include="src\regexp.c">
      <Filter>ソース ファイル</Filter>
    </ClCompile>
    <ClCompile Include="src\registry.c">
      <Filter>ソース ファイル</Filter>
    </ClCompile>
    <ClCompile Include="src\remote.c">
      <Filter>ソース ファイル</Filter>
    </ClCompile>
    <ClCompile Include="src\sha.c">
      <Filter>ソース ファイル</Filter>
    </ClCompile>
    <ClCompile Include="src\skey.c">
      <Filter>ソース ファイル</Filter>
    </ClCompile>
    <ClCompile Include="src\socket.c">
      <Filter>ソース ファイル</Filter>
    </ClCompile>
    <ClCompile Include="src\socketwrapper.c">
      <Filter>ソース ファイル</Filter>
    </ClCompile>
    <ClCompile Include="src\statuswin.c">
      <Filter>ソース ファイル</Filter>
    </ClCompile>
    <ClCompile Include="src\taskwin.c">
      <Filter>ソース ファイル</Filter>
    </ClCompile>
    <ClCompile Include="src\tool.c">
      <Filter>ソース ファイル</Filter>
    </ClCompile>
    <ClCompile Include="src\toolmenu.c">
      <Filter>ソース ファイル</Filter>
    </ClCompile>
    <ClCompile Include="src\updatebell.c">
      <Filter>ソース ファイル</Filter>
    </ClCompile>
    <ClCompile Include="src\updater.c">
      <Filter>ソース ファイル</Filter>
    </ClCompile>
    <ClCompile Include="src\wildcard.c">
      <Filter>ソース ファイル</Filter>
    </ClCompile>
  </ItemGroup>
</Project>