
Microsoft Visual Studio Solution File, Format Version 12.00
# Visual Studio 15
VisualStudioVersion = 15.0.27703.2026
MinimumVisualStudioVersion = 10.0.40219.1
Project("{8BC9CEB8-8B4A-11D0-8D11-00A0C91BC942}") = "ffftp.mfc", "ffftp.mfc\ffftp.mfc.vcxproj", "{584569CA-B3D7-42B2-8FDA-5A23AFD369B4}"
EndProject
Project("{8BC9CEB8-8B4A-11D0-8D11-00A0C91BC942}") = "ffftp.core", "ffftp.core\ffftp.core.vcxproj", "{7CD37286-CEF5-4E5E-938B-2E07A9F109FC}"
EndProject
Project("{8BC9CEB8-8B4A-11D0-8D11-00A0C91BC942}") = "ffftp.console", "ffftp.console\ffftp.console.vcxproj", "{0F17DAE9-1572-4F57-8830-DBB166EBD306}"
EndProject
Global
	GlobalSection(SolutionConfigurationPlatforms) = preSolution
		Debug|x64 = Debug|x64
		Debug|x86 = Debug|x86
		Release|x64 = Release|x64
		Release|x86 = Release|x86
	EndGlobalSection
	GlobalSection(ProjectConfigurationPlatforms) = postSolution
		{584569CA-B3D7-42B2-8FDA-5A23AFD369B4}.Debug|x64.ActiveCfg = Debug|x64
		{584569CA-B3D7-42B2-8FDA-5A23AFD369B4}.Debug|x64.Build.0 = Debug|x64
		{584569CA-B3D7-42B2-8FDA-5A23AFD369B4}.Debug|x86.ActiveCfg = Debug|Win32
		{584569CA-B3D7-42B2-8FDA-5A23AFD369B4}.Debug|x86.Build.0 = Debug|Win32
		{584569CA-B3D7-42B2-8FDA-5A23AFD369B4}.Release|x64.ActiveCfg = Release|x64
		{584569CA-B3D7-42B2-8FDA-5A23AFD369B4}.Release|x64.Build.0 = Release|x64
		{584569CA-B3D7-42B2-8FDA-5A23AFD369B4}.Release|x86.ActiveCfg = Release|Win32
		{584569CA-B3D7-42B2-8FDA-5A23AFD369B4}.Release|x86.Build.0 = Release|Win32
		{7CD37286-CEF5-4E5E-938B-2E07A9F109FC}.Debug|x64.ActiveCfg = Debug|x64
		{7CD37286-CEF5-4E5E-938B-2E07A9F109FC}.Debug|x64.Build.0 = Debug|x64
		{7CD37286-CEF5-4E5E-938B-2E07A9F109FC}.Debug|x86.ActiveCfg = Debug|Win32
		{7CD37286-CEF5-4E5E-938B-2E07A9F109FC}.Debug|x86.Build.0 = Debug|Win32
		{7CD37286-CEF5-4E5E-938B-2E07A9F109FC}.Release|x64.ActiveCfg = Release|x64
		{7CD37286-CEF5-4E5E-938B-2E07A9F109FC}.Release|x64.Build.0 = Release|x64
		{7CD37286-CEF5-4E5E-938B-2E07A9F109FC}.Release|x86.ActiveCfg = Release|Win32
		{7CD37286-CEF5-4E5E-938B-2E07A9F109FC}.Release|x86.Build.0 = Release|Win32
		{0F17DAE9-1572-4F57-8830-DBB166EBD306}.Debug|x64.ActiveCfg = Debug|x64
		{0F17DAE9-1572-4F57-8830-DBB166EBD306}.Debug|x64.Build.0 = Debug|x64
		{0F17DAE9-1572-4F57-8830-DBB166EBD306}.Debug|x86.ActiveCfg = Debug|Win32
		{0F17DAE9-1572-4F57-8830-DBB166EBD306}.Debug|x86.Build.0 = Debug|Win32
		{0F17DAE9-1572-4F57-8830-DBB166EBD306}.Release|x64.ActiveCfg = Release|x64
		{0F17DAE9-1572-4F57-8830-DBB166EBD306}.Release|x64.Build.0 = Release|x64
		{0F17DAE9-1572-4F57-8830-DBB166EBD306}.Release|x86.ActiveCfg = Release|Win32
		{0F17DAE9-1572-4F57-8830-DBB166EBD306}.Release|x86.Build.0 = Release|Win32
	EndGlobalSection
	GlobalSection(SolutionProperties) = preSolution
		HideSolutionNode = FALSE
	EndGlobalSection
	GlobalSection(ExtensibilityGlobals) = postSolution
		SolutionGuid = {CDEB056A-C162-45D1-B328-10D2A72207D8}
	EndGlobalSection
EndGlobal
